// !$*UTF8*$!
{
	archiveVersion = 1;
	classes = {
	};
	objectVersion = 46;
	objects = {

/* Begin PBXBuildFile section */
		92A71E2318EB6BE700108C1F /* Foundation.framework in Frameworks */ = {isa = PBXBuildFile; fileRef = 92A71E2218EB6BE700108C1F /* Foundation.framework */; };
		92A71E2518EB6BE700108C1F /* CoreGraphics.framework in Frameworks */ = {isa = PBXBuildFile; fileRef = 92A71E2418EB6BE700108C1F /* CoreGraphics.framework */; };
		92A71E2718EB6BE700108C1F /* UIKit.framework in Frameworks */ = {isa = PBXBuildFile; fileRef = 92A71E2618EB6BE700108C1F /* UIKit.framework */; };
		92A71E2F18EB6BE700108C1F /* main.m in Sources */ = {isa = PBXBuildFile; fileRef = 92A71E2E18EB6BE700108C1F /* main.m */; };
		92A71E3318EB6BE700108C1F /* AppDelegate.m in Sources */ = {isa = PBXBuildFile; fileRef = 92A71E3218EB6BE700108C1F /* AppDelegate.m */; };
		92A71E3C18EB6BE700108C1F /* XCTest.framework in Frameworks */ = {isa = PBXBuildFile; fileRef = 92A71E3B18EB6BE700108C1F /* XCTest.framework */; };
		92A71E3D18EB6BE700108C1F /* Foundation.framework in Frameworks */ = {isa = PBXBuildFile; fileRef = 92A71E2218EB6BE700108C1F /* Foundation.framework */; };
		92A71E3E18EB6BE700108C1F /* UIKit.framework in Frameworks */ = {isa = PBXBuildFile; fileRef = 92A71E2618EB6BE700108C1F /* UIKit.framework */; };
		92A71E5C18EB6C1900108C1F /* ALU.m in Sources */ = {isa = PBXBuildFile; fileRef = 92A71E5318EB6C1900108C1F /* ALU.m */; };
		92A71E5D18EB6C1900108C1F /* IDN.m in Sources */ = {isa = PBXBuildFile; fileRef = 92A71E5518EB6C1900108C1F /* IDN.m */; };
		92A71E5E18EB6C1900108C1F /* IOS.m in Sources */ = {isa = PBXBuildFile; fileRef = 92A71E5718EB6C1900108C1F /* IOS.m */; };
		92A71E5F18EB6C1900108C1F /* IRN.m in Sources */ = {isa = PBXBuildFile; fileRef = 92A71E5918EB6C1900108C1F /* IRN.m */; };
		92A71E6018EB6C1900108C1F /* LU.m in Sources */ = {isa = PBXBuildFile; fileRef = 92A71E5B18EB6C1900108C1F /* LU.m */; };
		92FDEF3818EEB032007C3C47 /* MBProgressHUD.m in Sources */ = {isa = PBXBuildFile; fileRef = 92FDEF3718EEB032007C3C47 /* MBProgressHUD.m */; };
/* End PBXBuildFile section */

/* Begin PBXContainerItemProxy section */
		92A71E3F18EB6BE700108C1F /* PBXContainerItemProxy */ = {
			isa = PBXContainerItemProxy;
			containerPortal = 92A71E1718EB6BE600108C1F /* Project object */;
			proxyType = 1;
			remoteGlobalIDString = 92A71E1E18EB6BE700108C1F;
			remoteInfo = PAYU_TEST;
		};
/* End PBXContainerItemProxy section */

/* Begin PBXFileReference section */
		92A71E1F18EB6BE700108C1F /* PAYU_TEST.app */ = {isa = PBXFileReference; explicitFileType = wrapper.application; includeInIndex = 0; path = PAYU_TEST.app; sourceTree = BUILT_PRODUCTS_DIR; };
		92A71E2218EB6BE700108C1F /* Foundation.framework */ = {isa = PBXFileReference; lastKnownFileType = wrapper.framework; name = Foundation.framework; path = System/Library/Frameworks/Foundation.framework; sourceTree = SDKROOT; };
		92A71E2418EB6BE700108C1F /* CoreGraphics.framework */ = {isa = PBXFileReference; lastKnownFileType = wrapper.framework; name = CoreGraphics.framework; path = System/Library/Frameworks/CoreGraphics.framework; sourceTree = SDKROOT; };
		92A71E2618EB6BE700108C1F /* UIKit.framework */ = {isa = PBXFileReference; lastKnownFileType = wrapper.framework; name = UIKit.framework; path = System/Library/Frameworks/UIKit.framework; sourceTree = SDKROOT; };
		92A71E2A18EB6BE700108C1F /* PAYU_TEST-Info.plist */ = {isa = PBXFileReference; lastKnownFileType = text.plist.xml; path = "PAYU_TEST-Info.plist"; sourceTree = "<group>"; };
		92A71E2E18EB6BE700108C1F /* main.m */ = {isa = PBXFileReference; lastKnownFileType = sourcecode.c.objc; path = main.m; sourceTree = "<group>"; };
		92A71E3018EB6BE700108C1F /* PAYU_TEST-Prefix.pch */ = {isa = PBXFileReference; lastKnownFileType = sourcecode.c.h; path = "PAYU_TEST-Prefix.pch"; sourceTree = "<group>"; };
		92A71E3118EB6BE700108C1F /* AppDelegate.h */ = {isa = PBXFileReference; lastKnownFileType = sourcecode.c.h; path = AppDelegate.h; sourceTree = "<group>"; };
		92A71E3218EB6BE700108C1F /* AppDelegate.m */ = {isa = PBXFileReference; lastKnownFileType = sourcecode.c.objc; path = AppDelegate.m; sourceTree = "<group>"; };
		92A71E3A18EB6BE700108C1F /* PAYU_TESTTests.xctest */ = {isa = PBXFileReference; explicitFileType = wrapper.cfbundle; includeInIndex = 0; path = PAYU_TESTTests.xctest; sourceTree = BUILT_PRODUCTS_DIR; };
		92A71E3B18EB6BE700108C1F /* XCTest.framework */ = {isa = PBXFileReference; lastKnownFileType = wrapper.framework; name = XCTest.framework; path = Library/Frameworks/XCTest.framework; sourceTree = DEVELOPER_DIR; };
		92A71E5218EB6C1900108C1F /* ALU.h */ = {isa = PBXFileReference; fileEncoding = 4; lastKnownFileType = sourcecode.c.h; path = ALU.h; sourceTree = "<group>"; };
		92A71E5318EB6C1900108C1F /* ALU.m */ = {isa = PBXFileReference; fileEncoding = 4; lastKnownFileType = sourcecode.c.objc; path = ALU.m; sourceTree = "<group>"; };
		92A71E5418EB6C1900108C1F /* IDN.h */ = {isa = PBXFileReference; fileEncoding = 4; lastKnownFileType = sourcecode.c.h; path = IDN.h; sourceTree = "<group>"; };
		92A71E5518EB6C1900108C1F /* IDN.m */ = {isa = PBXFileReference; fileEncoding = 4; lastKnownFileType = sourcecode.c.objc; path = IDN.m; sourceTree = "<group>"; };
		92A71E5618EB6C1900108C1F /* IOS.h */ = {isa = PBXFileReference; fileEncoding = 4; lastKnownFileType = sourcecode.c.h; path = IOS.h; sourceTree = "<group>"; };
		92A71E5718EB6C1900108C1F /* IOS.m */ = {isa = PBXFileReference; fileEncoding = 4; lastKnownFileType = sourcecode.c.objc; path = IOS.m; sourceTree = "<group>"; };
		92A71E5818EB6C1900108C1F /* IRN.h */ = {isa = PBXFileReference; fileEncoding = 4; lastKnownFileType = sourcecode.c.h; path = IRN.h; sourceTree = "<group>"; };
		92A71E5918EB6C1900108C1F /* IRN.m */ = {isa = PBXFileReference; fileEncoding = 4; lastKnownFileType = sourcecode.c.objc; path = IRN.m; sourceTree = "<group>"; };
		92A71E5A18EB6C1900108C1F /* LU.h */ = {isa = PBXFileReference; fileEncoding = 4; lastKnownFileType = sourcecode.c.h; path = LU.h; sourceTree = "<group>"; };
		92A71E5B18EB6C1900108C1F /* LU.m */ = {isa = PBXFileReference; fileEncoding = 4; lastKnownFileType = sourcecode.c.objc; path = LU.m; sourceTree = "<group>"; };
		92FDEF3618EEB032007C3C47 /* MBProgressHUD.h */ = {isa = PBXFileReference; fileEncoding = 4; lastKnownFileType = sourcecode.c.h; path = MBProgressHUD.h; sourceTree = "<group>"; };
		92FDEF3718EEB032007C3C47 /* MBProgressHUD.m */ = {isa = PBXFileReference; fileEncoding = 4; lastKnownFileType = sourcecode.c.objc; path = MBProgressHUD.m; sourceTree = "<group>"; };
/* End PBXFileReference section */

/* Begin PBXFrameworksBuildPhase section */
		92A71E1C18EB6BE700108C1F /* Frameworks */ = {
			isa = PBXFrameworksBuildPhase;
			buildActionMask = 2147483647;
			files = (
				92A71E2518EB6BE700108C1F /* CoreGraphics.framework in Frameworks */,
				92A71E2718EB6BE700108C1F /* UIKit.framework in Frameworks */,
				92A71E2318EB6BE700108C1F /* Foundation.framework in Frameworks */,
			);
			runOnlyForDeploymentPostprocessing = 0;
		};
		92A71E3718EB6BE700108C1F /* Frameworks */ = {
			isa = PBXFrameworksBuildPhase;
			buildActionMask = 2147483647;
			files = (
				92A71E3C18EB6BE700108C1F /* XCTest.framework in Frameworks */,
				92A71E3E18EB6BE700108C1F /* UIKit.framework in Frameworks */,
				92A71E3D18EB6BE700108C1F /* Foundation.framework in Frameworks */,
			);
			runOnlyForDeploymentPostprocessing = 0;
		};
/* End PBXFrameworksBuildPhase section */

/* Begin PBXGroup section */
		92A71E1618EB6BE600108C1F = {
			isa = PBXGroup;
			children = (
				92A71E2818EB6BE700108C1F /* PAYU_TEST */,
				92A71E2918EB6BE700108C1F /* Supporting Files */,
				92A71E2118EB6BE700108C1F /* Frameworks */,
				92A71E2018EB6BE700108C1F /* Products */,
			);
			sourceTree = "<group>";
		};
		92A71E2018EB6BE700108C1F /* Products */ = {
			isa = PBXGroup;
			children = (
				92A71E1F18EB6BE700108C1F /* PAYU_TEST.app */,
				92A71E3A18EB6BE700108C1F /* PAYU_TESTTests.xctest */,
			);
			name = Products;
			sourceTree = "<group>";
		};
		92A71E2118EB6BE700108C1F /* Frameworks */ = {
			isa = PBXGroup;
			children = (
				92A71E2218EB6BE700108C1F /* Foundation.framework */,
				92A71E2418EB6BE700108C1F /* CoreGraphics.framework */,
				92A71E2618EB6BE700108C1F /* UIKit.framework */,
				92A71E3B18EB6BE700108C1F /* XCTest.framework */,
			);
			name = Frameworks;
			sourceTree = "<group>";
		};
		92A71E2818EB6BE700108C1F /* PAYU_TEST */ = {
			isa = PBXGroup;
			children = (
				92FDEF3618EEB032007C3C47 /* MBProgressHUD.h */,
				92FDEF3718EEB032007C3C47 /* MBProgressHUD.m */,
				92A71E5118EB6C1900108C1F /* PAYU_SDK */,
				92A71E3118EB6BE700108C1F /* AppDelegate.h */,
				92A71E3218EB6BE700108C1F /* AppDelegate.m */,
			);
			path = PAYU_TEST;
			sourceTree = "<group>";
		};
		92A71E2918EB6BE700108C1F /* Supporting Files */ = {
			isa = PBXGroup;
			children = (
				92A71E2A18EB6BE700108C1F /* PAYU_TEST-Info.plist */,
				92A71E2E18EB6BE700108C1F /* main.m */,
				92A71E3018EB6BE700108C1F /* PAYU_TEST-Prefix.pch */,
			);
			name = "Supporting Files";
			path = PAYU_TEST;
			sourceTree = "<group>";
		};
		92A71E5118EB6C1900108C1F /* PAYU_SDK */ = {
			isa = PBXGroup;
			children = (
				92A71E5218EB6C1900108C1F /* ALU.h */,
				92A71E5318EB6C1900108C1F /* ALU.m */,
				92A71E5418EB6C1900108C1F /* IDN.h */,
				92A71E5518EB6C1900108C1F /* IDN.m */,
				92A71E5618EB6C1900108C1F /* IOS.h */,
				92A71E5718EB6C1900108C1F /* IOS.m */,
				92A71E5818EB6C1900108C1F /* IRN.h */,
				92A71E5918EB6C1900108C1F /* IRN.m */,
				92A71E5A18EB6C1900108C1F /* LU.h */,
				92A71E5B18EB6C1900108C1F /* LU.m */,
			);
			path = PAYU_SDK;
			sourceTree = "<group>";
		};
/* End PBXGroup section */

/* Begin PBXNativeTarget section */
		92A71E1E18EB6BE700108C1F /* PAYU_TEST */ = {
			isa = PBXNativeTarget;
			buildConfigurationList = 92A71E4B18EB6BE700108C1F /* Build configuration list for PBXNativeTarget "PAYU_TEST" */;
			buildPhases = (
				92A71E1B18EB6BE700108C1F /* Sources */,
				92A71E1C18EB6BE700108C1F /* Frameworks */,
				92A71E1D18EB6BE700108C1F /* Resources */,
			);
			buildRules = (
			);
			dependencies = (
			);
			name = PAYU_TEST;
			productName = PAYU_TEST;
			productReference = 92A71E1F18EB6BE700108C1F /* PAYU_TEST.app */;
			productType = "com.apple.product-type.application";
		};
		92A71E3918EB6BE700108C1F /* PAYU_TESTTests */ = {
			isa = PBXNativeTarget;
			buildConfigurationList = 92A71E4E18EB6BE700108C1F /* Build configuration list for PBXNativeTarget "PAYU_TESTTests" */;
			buildPhases = (
				92A71E3618EB6BE700108C1F /* Sources */,
				92A71E3718EB6BE700108C1F /* Frameworks */,
				92A71E3818EB6BE700108C1F /* Resources */,
			);
			buildRules = (
			);
			dependencies = (
				92A71E4018EB6BE700108C1F /* PBXTargetDependency */,
			);
			name = PAYU_TESTTests;
			productName = PAYU_TESTTests;
			productReference = 92A71E3A18EB6BE700108C1F /* PAYU_TESTTests.xctest */;
			productType = "com.apple.product-type.bundle.unit-test";
		};
/* End PBXNativeTarget section */

/* Begin PBXProject section */
		92A71E1718EB6BE600108C1F /* Project object */ = {
			isa = PBXProject;
			attributes = {
				LastUpgradeCheck = 0510;
				ORGANIZATIONNAME = "Demjanko Denis";
				TargetAttributes = {
					92A71E3918EB6BE700108C1F = {
						TestTargetID = 92A71E1E18EB6BE700108C1F;
					};
				};
			};
			buildConfigurationList = 92A71E1A18EB6BE700108C1F /* Build configuration list for PBXProject "PAYU_TEST" */;
			compatibilityVersion = "Xcode 3.2";
			developmentRegion = English;
			hasScannedForEncodings = 0;
			knownRegions = (
				en,
			);
			mainGroup = 92A71E1618EB6BE600108C1F;
			productRefGroup = 92A71E2018EB6BE700108C1F /* Products */;
			projectDirPath = "";
			projectRoot = "";
			targets = (
				92A71E1E18EB6BE700108C1F /* PAYU_TEST */,
				92A71E3918EB6BE700108C1F /* PAYU_TESTTests */,
			);
		};
/* End PBXProject section */

/* Begin PBXResourcesBuildPhase section */
		92A71E1D18EB6BE700108C1F /* Resources */ = {
			isa = PBXResourcesBuildPhase;
			buildActionMask = 2147483647;
			files = (
			);
			runOnlyForDeploymentPostprocessing = 0;
		};
		92A71E3818EB6BE700108C1F /* Resources */ = {
			isa = PBXResourcesBuildPhase;
			buildActionMask = 2147483647;
			files = (
			);
			runOnlyForDeploymentPostprocessing = 0;
		};
/* End PBXResourcesBuildPhase section */

/* Begin PBXSourcesBuildPhase section */
		92A71E1B18EB6BE700108C1F /* Sources */ = {
			isa = PBXSourcesBuildPhase;
			buildActionMask = 2147483647;
			files = (
				92A71E6018EB6C1900108C1F /* LU.m in Sources */,
				92A71E5C18EB6C1900108C1F /* ALU.m in Sources */,
				92A71E3318EB6BE700108C1F /* AppDelegate.m in Sources */,
				92A71E2F18EB6BE700108C1F /* main.m in Sources */,
				92A71E5F18EB6C1900108C1F /* IRN.m in Sources */,
				92A71E5D18EB6C1900108C1F /* IDN.m in Sources */,
				92A71E5E18EB6C1900108C1F /* IOS.m in Sources */,
				92FDEF3818EEB032007C3C47 /* MBProgressHUD.m in Sources */,
			);
			runOnlyForDeploymentPostprocessing = 0;
		};
		92A71E3618EB6BE700108C1F /* Sources */ = {
			isa = PBXSourcesBuildPhase;
			buildActionMask = 2147483647;
			files = (
			);
			runOnlyForDeploymentPostprocessing = 0;
		};
/* End PBXSourcesBuildPhase section */

/* Begin PBXTargetDependency section */
		92A71E4018EB6BE700108C1F /* PBXTargetDependency */ = {
			isa = PBXTargetDependency;
			target = 92A71E1E18EB6BE700108C1F /* PAYU_TEST */;
			targetProxy = 92A71E3F18EB6BE700108C1F /* PBXContainerItemProxy */;
		};
/* End PBXTargetDependency section */

/* Begin XCBuildConfiguration section */
		92A71E4918EB6BE700108C1F /* Debug */ = {
			isa = XCBuildConfiguration;
			buildSettings = {
				ALWAYS_SEARCH_USER_PATHS = NO;
				CLANG_CXX_LANGUAGE_STANDARD = "gnu++0x";
				CLANG_CXX_LIBRARY = "libc++";
				CLANG_ENABLE_MODULES = YES;
				CLANG_ENABLE_OBJC_ARC = YES;
				CLANG_WARN_BOOL_CONVERSION = YES;
				CLANG_WARN_CONSTANT_CONVERSION = YES;
				CLANG_WARN_DIRECT_OBJC_ISA_USAGE = YES_ERROR;
				CLANG_WARN_EMPTY_BODY = YES;
				CLANG_WARN_ENUM_CONVERSION = YES;
				CLANG_WARN_INT_CONVERSION = YES;
				CLANG_WARN_OBJC_ROOT_CLASS = YES_ERROR;
				CLANG_WARN__DUPLICATE_METHOD_MATCH = YES;
				"CODE_SIGN_IDENTITY[sdk=iphoneos*]" = "iPhone Developer";
				COPY_PHASE_STRIP = NO;
				GCC_C_LANGUAGE_STANDARD = gnu99;
				GCC_DYNAMIC_NO_PIC = NO;
				GCC_OPTIMIZATION_LEVEL = 0;
				GCC_PREPROCESSOR_DEFINITIONS = (
					"DEBUG=1",
					"$(inherited)",
				);
				GCC_SYMBOLS_PRIVATE_EXTERN = NO;
				GCC_WARN_64_TO_32_BIT_CONVERSION = YES;
				GCC_WARN_ABOUT_RETURN_TYPE = YES_ERROR;
				GCC_WARN_UNDECLARED_SELECTOR = YES;
				GCC_WARN_UNINITIALIZED_AUTOS = YES_AGGRESSIVE;
				GCC_WARN_UNUSED_FUNCTION = YES;
				GCC_WARN_UNUSED_VARIABLE = YES;
				IPHONEOS_DEPLOYMENT_TARGET = 7.1;
				ONLY_ACTIVE_ARCH = YES;
				SDKROOT = iphoneos;
			};
			name = Debug;
		};
		92A71E4A18EB6BE700108C1F /* Release */ = {
			isa = XCBuildConfiguration;
			buildSettings = {
				ALWAYS_SEARCH_USER_PATHS = NO;
				CLANG_CXX_LANGUAGE_STANDARD = "gnu++0x";
				CLANG_CXX_LIBRARY = "libc++";
				CLANG_ENABLE_MODULES = YES;
				CLANG_ENABLE_OBJC_ARC = YES;
				CLANG_WARN_BOOL_CONVERSION = YES;
				CLANG_WARN_CONSTANT_CONVERSION = YES;
				CLANG_WARN_DIRECT_OBJC_ISA_USAGE = YES_ERROR;
				CLANG_WARN_EMPTY_BODY = YES;
				CLANG_WARN_ENUM_CONVERSION = YES;
				CLANG_WARN_INT_CONVERSION = YES;
				CLANG_WARN_OBJC_ROOT_CLASS = YES_ERROR;
				CLANG_WARN__DUPLICATE_METHOD_MATCH = YES;
				"CODE_SIGN_IDENTITY[sdk=iphoneos*]" = "iPhone Developer";
				COPY_PHASE_STRIP = YES;
				ENABLE_NS_ASSERTIONS = NO;
				GCC_C_LANGUAGE_STANDARD = gnu99;
				GCC_WARN_64_TO_32_BIT_CONVERSION = YES;
				GCC_WARN_ABOUT_RETURN_TYPE = YES_ERROR;
				GCC_WARN_UNDECLARED_SELECTOR = YES;
				GCC_WARN_UNINITIALIZED_AUTOS = YES_AGGRESSIVE;
				GCC_WARN_UNUSED_FUNCTION = YES;
				GCC_WARN_UNUSED_VARIABLE = YES;
				IPHONEOS_DEPLOYMENT_TARGET = 7.1;
				SDKROOT = iphoneos;
				VALIDATE_PRODUCT = YES;
			};
			name = Release;
		};
		92A71E4C18EB6BE700108C1F /* Debug */ = {
			isa = XCBuildConfiguration;
			buildSettings = {
				ASSETCATALOG_COMPILER_APPICON_NAME = AppIcon;
				ASSETCATALOG_COMPILER_LAUNCHIMAGE_NAME = LaunchImage;
				CODE_SIGN_IDENTITY = "iPhone Developer: SERGEY BUDYAKOV (YHE3926QWV)";
				GCC_PRECOMPILE_PREFIX_HEADER = YES;
				GCC_PREFIX_HEADER = "PAYU_TEST/PAYU_TEST-Prefix.pch";
				INFOPLIST_FILE = "PAYU_TEST/PAYU_TEST-Info.plist";
				IPHONEOS_DEPLOYMENT_TARGET = 6.0;
				PRODUCT_NAME = "$(TARGET_NAME)";
				PROVISIONING_PROFILE = "036B86E3-8917-4980-AC9B-B83F4DCD39F3";
				WRAPPER_EXTENSION = app;
			};
			name = Debug;
		};
		92A71E4D18EB6BE700108C1F /* Release */ = {
			isa = XCBuildConfiguration;
			buildSettings = {
				ASSETCATALOG_COMPILER_APPICON_NAME = AppIcon;
				ASSETCATALOG_COMPILER_LAUNCHIMAGE_NAME = LaunchImage;
				CODE_SIGN_IDENTITY = "iPhone Developer: SERGEY BUDYAKOV (YHE3926QWV)";
				"CODE_SIGN_IDENTITY[sdk=iphoneos*]" = "iPhone Developer: SERGEY BUDYAKOV (YHE3926QWV)";
				GCC_PRECOMPILE_PREFIX_HEADER = YES;
				GCC_PREFIX_HEADER = "PAYU_TEST/PAYU_TEST-Prefix.pch";
				INFOPLIST_FILE = "PAYU_TEST/PAYU_TEST-Info.plist";
				IPHONEOS_DEPLOYMENT_TARGET = 6.0;
				PRODUCT_NAME = "$(TARGET_NAME)";
				PROVISIONING_PROFILE = "036B86E3-8917-4980-AC9B-B83F4DCD39F3";
				WRAPPER_EXTENSION = app;
			};
			name = Release;
		};
		92A71E4F18EB6BE700108C1F /* Debug */ = {
			isa = XCBuildConfiguration;
			buildSettings = {
				BUNDLE_LOADER = "$(BUILT_PRODUCTS_DIR)/PAYU_TEST.app/PAYU_TEST";
				FRAMEWORK_SEARCH_PATHS = (
					"$(SDKROOT)/Developer/Library/Frameworks",
					"$(inherited)",
					"$(DEVELOPER_FRAMEWORKS_DIR)",
				);
				GCC_PRECOMPILE_PREFIX_HEADER = YES;
				GCC_PREFIX_HEADER = "PAYU_TEST/PAYU_TEST-Prefix.pch";
				GCC_PREPROCESSOR_DEFINITIONS = (
					"DEBUG=1",
					"$(inherited)",
				);
				INFOPLIST_FILE = "PAYU_TESTTests/PAYU_TESTTests-Info.plist";
				PRODUCT_NAME = "$(TARGET_NAME)";
				TEST_HOST = "$(BUNDLE_LOADER)";
				WRAPPER_EXTENSION = xctest;
			};
			name = Debug;
		};
		92A71E5018EB6BE700108C1F /* Release */ = {
			isa = XCBuildConfiguration;
			buildSettings = {
				BUNDLE_LOADER = "$(BUILT_PRODUCTS_DIR)/PAYU_TEST.app/PAYU_TEST";
				FRAMEWORK_SEARCH_PATHS = (
					"$(SDKROOT)/Developer/Library/Frameworks",
					"$(inherited)",
					"$(DEVELOPER_FRAMEWORKS_DIR)",
				);
				GCC_PRECOMPILE_PREFIX_HEADER = YES;
				GCC_PREFIX_HEADER = "PAYU_TEST/PAYU_TEST-Prefix.pch";
				INFOPLIST_FILE = "PAYU_TESTTests/PAYU_TESTTests-Info.plist";
				PRODUCT_NAME = "$(TARGET_NAME)";
				TEST_HOST = "$(BUNDLE_LOADER)";
				WRAPPER_EXTENSION = xctest;
			};
			name = Release;
		};
/* End XCBuildConfiguration section */

/* Begin XCConfigurationList section */
		92A71E1A18EB6BE700108C1F /* Build configuration list for PBXProject "PAYU_TEST" */ = {
			isa = XCConfigurationList;
			buildConfigurations = (
				92A71E4918EB6BE700108C1F /* Debug */,
				92A71E4A18EB6BE700108C1F /* Release */,
			);
			defaultConfigurationIsVisible = 0;
			defaultConfigurationName = Release;
		};
		92A71E4B18EB6BE700108C1F /* Build configuration list for PBXNativeTarget "PAYU_TEST" */ = {
			isa = XCConfigurationList;
			buildConfigurations = (
				92A71E4C18EB6BE700108C1F /* Debug */,
				92A71E4D18EB6BE700108C1F /* Release */,
			);
			defaultConfigurationIsVisible = 0;
			defaultConfigurationName = Release;
		};
		92A71E4E18EB6BE700108C1F /* Build configuration list for PBXNativeTarget "PAYU_TESTTests" */ = {
			isa = XCConfigurationList;
			buildConfigurations = (
				92A71E4F18EB6BE700108C1F /* Debug */,
				92A71E5018EB6BE700108C1F /* Release */,
			);
			defaultConfigurationIsVisible = 0;
			defaultConfigurationName = Release;
		};
/* End XCConfigurationList section */
	};
	rootObject = 92A71E1718EB6BE600108C1F /* Project object */;
}
